
Microsoft Visual Studio Solution File, Format Version 12.00
# Visual Studio Version 17
VisualStudioVersion = 17.4.33403.182
MinimumVisualStudioVersion = 10.0.40219.1
Project("{8BC9CEB8-8B4A-11D0-8D11-00A0C91BC942}") = "missingAndRepeating_39th", "missingAndRepeating_39th.vcxproj", "{565058A5-C143-4BBE-B808-0EBC1899B1E6}"
EndProject
Global
	GlobalSection(SolutionConfigurationPlatforms) = preSolution
		Debug|x64 = Debug|x64
		Debug|x86 = Debug|x86
		Release|x64 = Release|x64
		Release|x86 = Release|x86
	EndGlobalSection
	GlobalSection(ProjectConfigurationPlatforms) = postSolution
		{565058A5-C143-4BBE-B808-0EBC1899B1E6}.Debug|x64.ActiveCfg = Debug|x64
		{565058A5-C143-4BBE-B808-0EBC1899B1E6}.Debug|x64.Build.0 = Debug|x64
		{565058A5-C143-4BBE-B808-0EBC1899B1E6}.Debug|x86.ActiveCfg = Debug|Win32
		{565058A5-C143-4BBE-B808-0EBC1899B1E6}.Debug|x86.Build.0 = Debug|Win32
		{565058A5-C143-4BBE-B808-0EBC1899B1E6}.Release|x64.ActiveCfg = Release|x64
		{565058A5-C143-4BBE-B808-0EBC1899B1E6}.Release|x64.Build.0 = Release|x64
		{565058A5-C143-4BBE-B808-0EBC1899B1E6}.Release|x86.ActiveCfg = Release|Win32
		{565058A5-C143-4BBE-B808-0EBC1899B1E6}.Release|x86.Build.0 = Release|Win32
	EndGlobalSection
	GlobalSection(SolutionProperties) = preSolution
		HideSolutionNode = FALSE
	EndGlobalSection
	GlobalSection(ExtensibilityGlobals) = postSolution
		SolutionGuid = {4247C7A3-2C63-4778-940B-672C0FC8683A}
	EndGlobalSection
EndGlobal
